
Microsoft Visual Studio Solution File, Format Version 12.00
# Visual Studio Version 16
VisualStudioVersion = 16.0.31911.196
MinimumVisualStudioVersion = 10.0.40219.1
Project("{FAE04EC0-301F-11D3-BF4B-00C04F79EFBC}") = "Console_Z02_4", "Console_Z02_4\Console_Z02_4.csproj", "{67013E9B-2AB5-4C9E-9513-3C997035F126}"
EndProject
Global
	GlobalSection(SolutionConfigurationPlatforms) = preSolution
		Debug|Any CPU = Debug|Any CPU
		Release|Any CPU = Release|Any CPU
	EndGlobalSection
	GlobalSection(ProjectConfigurationPlatforms) = postSolution
		{67013E9B-2AB5-4C9E-9513-3C997035F126}.Debug|Any CPU.ActiveCfg = Debug|Any CPU
		{67013E9B-2AB5-4C9E-9513-3C997035F126}.Debug|Any CPU.Build.0 = Debug|Any CPU
		{67013E9B-2AB5-4C9E-9513-3C997035F126}.Release|Any CPU.ActiveCfg = Release|Any CPU
		{67013E9B-2AB5-4C9E-9513-3C997035F126}.Release|Any CPU.Build.0 = Release|Any CPU
	EndGlobalSection
	GlobalSection(SolutionProperties) = preSolution
		HideSolutionNode = FALSE
	EndGlobalSection
	GlobalSection(ExtensibilityGlobals) = postSolution
		SolutionGuid = {47619D35-109E-4314-BC79-C71DCF67709C}
	EndGlobalSection
EndGlobal
